
Microsoft Visual Studio Solution File, Format Version 12.00
# Visual Studio Version 17
VisualStudioVersion = 17.9.34511.98
MinimumVisualStudioVersion = 10.0.40219.1
Project("{FAE04EC0-301F-11D3-BF4B-00C04F79EFBC}") = "Movies.Client", "Movies.Client\Movies.Client.csproj", "{467F82DE-9C84-454F-958C-D79D2509E141}"
EndProject
Project("{FAE04EC0-301F-11D3-BF4B-00C04F79EFBC}") = "Movies.Server", "Movies.Server\Movies.Server.csproj", "{56A8902A-62FE-4406-A4AE-9D3013A19FD9}"
EndProject
Global
	GlobalSection(SolutionConfigurationPlatforms) = preSolution
		Debug|Any CPU = Debug|Any CPU
		Release|Any CPU = Release|Any CPU
	EndGlobalSection
	GlobalSection(ProjectConfigurationPlatforms) = postSolution
		{467F82DE-9C84-454F-958C-D79D2509E141}.Debug|Any CPU.ActiveCfg = Debug|Any CPU
		{467F82DE-9C84-454F-958C-D79D2509E141}.Debug|Any CPU.Build.0 = Debug|Any CPU
		{467F82DE-9C84-454F-958C-D79D2509E141}.Release|Any CPU.ActiveCfg = Release|Any CPU
		{467F82DE-9C84-454F-958C-D79D2509E141}.Release|Any CPU.Build.0 = Release|Any CPU
		{56A8902A-62FE-4406-A4AE-9D3013A19FD9}.Debug|Any CPU.ActiveCfg = Debug|Any CPU
		{56A8902A-62FE-4406-A4AE-9D3013A19FD9}.Debug|Any CPU.Build.0 = Debug|Any CPU
		{56A8902A-62FE-4406-A4AE-9D3013A19FD9}.Release|Any CPU.ActiveCfg = Release|Any CPU
		{56A8902A-62FE-4406-A4AE-9D3013A19FD9}.Release|Any CPU.Build.0 = Release|Any CPU
	EndGlobalSection
	GlobalSection(SolutionProperties) = preSolution
		HideSolutionNode = FALSE
	EndGlobalSection
	GlobalSection(ExtensibilityGlobals) = postSolution
		SolutionGuid = {988E08A2-D7B0-4CEF-80A1-74A91CEE7329}
	EndGlobalSection
EndGlobal
